
Microsoft Visual Studio Solution File, Format Version 12.00
# Visual Studio Version 17
VisualStudioVersion = 17.4.33213.308
MinimumVisualStudioVersion = 10.0.40219.1
Project("{FAE04EC0-301F-11D3-BF4B-00C04F79EFBC}") = "Database_Server", "Database_Server\Database_Server.csproj", "{1D4365E1-69D2-4F0F-A34A-98F19E1DF8FF}"
EndProject
Project("{2150E333-8FDC-42A3-9474-1A3956D46DE8}") = "Elementos de la solución", "Elementos de la solución", "{F17F35AE-2B05-4F7E-8A4E-250B21C276F9}"
	ProjectSection(SolutionItems) = preProject
		Database_Manager.cs = Database_Manager.cs
	EndProjectSection
EndProject
Global
	GlobalSection(SolutionConfigurationPlatforms) = preSolution
		Debug|Any CPU = Debug|Any CPU
		Release|Any CPU = Release|Any CPU
	EndGlobalSection
	GlobalSection(ProjectConfigurationPlatforms) = postSolution
		{1D4365E1-69D2-4F0F-A34A-98F19E1DF8FF}.Debug|Any CPU.ActiveCfg = Debug|Any CPU
		{1D4365E1-69D2-4F0F-A34A-98F19E1DF8FF}.Debug|Any CPU.Build.0 = Debug|Any CPU
		{1D4365E1-69D2-4F0F-A34A-98F19E1DF8FF}.Release|Any CPU.ActiveCfg = Release|Any CPU
		{1D4365E1-69D2-4F0F-A34A-98F19E1DF8FF}.Release|Any CPU.Build.0 = Release|Any CPU
	EndGlobalSection
	GlobalSection(SolutionProperties) = preSolution
		HideSolutionNode = FALSE
	EndGlobalSection
	GlobalSection(ExtensibilityGlobals) = postSolution
		SolutionGuid = {CAA92936-C5FC-4039-A4A3-DEF508A3404F}
	EndGlobalSection
EndGlobal
